{
  "name": "equilibrium-utils",
  "lockfileVersion": 3,
  "requires": true,
  "packages": {
    "": {
      "dependencies": {
        "bigint-isqrt": "^0.3.2"
      }
    },
    "node_modules/bigint-isqrt": {
      "version": "0.3.2",
      "resolved": "https://registry.npmjs.org/bigint-isqrt/-/bigint-isqrt-0.3.2.tgz",
      "integrity": "sha512-hfd7Ka2XKmBIAQWWDrDHTCkGsSfZMFjgcB3eCnDtZHsDiszSk+CQvnq16nGYIKuDMBvnSAvjnihoumJDpMnv7A=="
    }
  }
}
